
Microsoft Visual Studio Solution File, Format Version 12.00
Project("{FAE04EC0-301F-11D3-BF4B-00C04F79EFBC}") = "ex1190722inclass", "ex1190722inclass\ex1190722inclass.csproj", "{515AC6BE-0CFB-4471-B5AD-18991AC7E336}"
EndProject
Project("{FAE04EC0-301F-11D3-BF4B-00C04F79EFBC}") = "ex2190724", "ex2190724\ex2190724.csproj", "{182F59FE-4679-4DB0-994C-335CD7BC469E}"
EndProject
Project("{FAE04EC0-301F-11D3-BF4B-00C04F79EFBC}") = "assignment3_190725", "assignment3_190725\assignment3_190725.csproj", "{900F2185-6303-4287-B016-F67D5B72A939}"
EndProject
Project("{FAE04EC0-301F-11D3-BF4B-00C04F79EFBC}") = "assignment4_190727", "assignment4_190727\assignment4_190727.csproj", "{DFEE5453-B1F5-4C88-805A-751A9247C4FF}"
EndProject
Project("{FAE04EC0-301F-11D3-BF4B-00C04F79EFBC}") = "session5_190729", "session5_190729\session5_190729.csproj", "{6FE5C70C-A70D-4811-9BB2-11787BB2762E}"
EndProject
Project("{FAE04EC0-301F-11D3-BF4B-00C04F79EFBC}") = "session5-ex", "session5-ex\session5-ex.csproj", "{516EF5D3-8827-4092-AD60-BC329D2867C6}"
EndProject
Project("{FAE04EC0-301F-11D3-BF4B-00C04F79EFBC}") = "assignment5_190802", "assignment5_190802\assignment5_190802.csproj", "{7C5D2100-C2A9-48B3-A590-5411FBBB5766}"
EndProject
Project("{FAE04EC0-301F-11D3-BF4B-00C04F79EFBC}") = "session6", "session6\session6.csproj", "{DDA5D398-EBE9-4329-96A9-A8C78EC1D884}"
EndProject
Project("{FAE04EC0-301F-11D3-BF4B-00C04F79EFBC}") = "assignment6_190802", "assignment6_190802\assignment6_190802.csproj", "{119324B1-171B-43A7-919C-D2C9B408F1C9}"
EndProject
Global
	GlobalSection(SolutionConfigurationPlatforms) = preSolution
		Debug|Any CPU = Debug|Any CPU
		Release|Any CPU = Release|Any CPU
	EndGlobalSection
	GlobalSection(ProjectConfigurationPlatforms) = postSolution
		{515AC6BE-0CFB-4471-B5AD-18991AC7E336}.Debug|Any CPU.ActiveCfg = Debug|Any CPU
		{515AC6BE-0CFB-4471-B5AD-18991AC7E336}.Debug|Any CPU.Build.0 = Debug|Any CPU
		{515AC6BE-0CFB-4471-B5AD-18991AC7E336}.Release|Any CPU.ActiveCfg = Release|Any CPU
		{515AC6BE-0CFB-4471-B5AD-18991AC7E336}.Release|Any CPU.Build.0 = Release|Any CPU
		{182F59FE-4679-4DB0-994C-335CD7BC469E}.Debug|Any CPU.ActiveCfg = Debug|Any CPU
		{182F59FE-4679-4DB0-994C-335CD7BC469E}.Debug|Any CPU.Build.0 = Debug|Any CPU
		{182F59FE-4679-4DB0-994C-335CD7BC469E}.Release|Any CPU.ActiveCfg = Release|Any CPU
		{182F59FE-4679-4DB0-994C-335CD7BC469E}.Release|Any CPU.Build.0 = Release|Any CPU
		{900F2185-6303-4287-B016-F67D5B72A939}.Debug|Any CPU.ActiveCfg = Debug|Any CPU
		{900F2185-6303-4287-B016-F67D5B72A939}.Debug|Any CPU.Build.0 = Debug|Any CPU
		{900F2185-6303-4287-B016-F67D5B72A939}.Release|Any CPU.ActiveCfg = Release|Any CPU
		{900F2185-6303-4287-B016-F67D5B72A939}.Release|Any CPU.Build.0 = Release|Any CPU
		{DFEE5453-B1F5-4C88-805A-751A9247C4FF}.Debug|Any CPU.ActiveCfg = Debug|Any CPU
		{DFEE5453-B1F5-4C88-805A-751A9247C4FF}.Debug|Any CPU.Build.0 = Debug|Any CPU
		{DFEE5453-B1F5-4C88-805A-751A9247C4FF}.Release|Any CPU.ActiveCfg = Release|Any CPU
		{DFEE5453-B1F5-4C88-805A-751A9247C4FF}.Release|Any CPU.Build.0 = Release|Any CPU
		{6FE5C70C-A70D-4811-9BB2-11787BB2762E}.Debug|Any CPU.ActiveCfg = Debug|Any CPU
		{6FE5C70C-A70D-4811-9BB2-11787BB2762E}.Debug|Any CPU.Build.0 = Debug|Any CPU
		{6FE5C70C-A70D-4811-9BB2-11787BB2762E}.Release|Any CPU.ActiveCfg = Release|Any CPU
		{6FE5C70C-A70D-4811-9BB2-11787BB2762E}.Release|Any CPU.Build.0 = Release|Any CPU
		{516EF5D3-8827-4092-AD60-BC329D2867C6}.Debug|Any CPU.ActiveCfg = Debug|Any CPU
		{516EF5D3-8827-4092-AD60-BC329D2867C6}.Debug|Any CPU.Build.0 = Debug|Any CPU
		{516EF5D3-8827-4092-AD60-BC329D2867C6}.Release|Any CPU.ActiveCfg = Release|Any CPU
		{516EF5D3-8827-4092-AD60-BC329D2867C6}.Release|Any CPU.Build.0 = Release|Any CPU
		{7C5D2100-C2A9-48B3-A590-5411FBBB5766}.Debug|Any CPU.ActiveCfg = Debug|Any CPU
		{7C5D2100-C2A9-48B3-A590-5411FBBB5766}.Debug|Any CPU.Build.0 = Debug|Any CPU
		{7C5D2100-C2A9-48B3-A590-5411FBBB5766}.Release|Any CPU.ActiveCfg = Release|Any CPU
		{7C5D2100-C2A9-48B3-A590-5411FBBB5766}.Release|Any CPU.Build.0 = Release|Any CPU
		{DDA5D398-EBE9-4329-96A9-A8C78EC1D884}.Debug|Any CPU.ActiveCfg = Debug|Any CPU
		{DDA5D398-EBE9-4329-96A9-A8C78EC1D884}.Debug|Any CPU.Build.0 = Debug|Any CPU
		{DDA5D398-EBE9-4329-96A9-A8C78EC1D884}.Release|Any CPU.ActiveCfg = Release|Any CPU
		{DDA5D398-EBE9-4329-96A9-A8C78EC1D884}.Release|Any CPU.Build.0 = Release|Any CPU
		{119324B1-171B-43A7-919C-D2C9B408F1C9}.Debug|Any CPU.ActiveCfg = Debug|Any CPU
		{119324B1-171B-43A7-919C-D2C9B408F1C9}.Debug|Any CPU.Build.0 = Debug|Any CPU
		{119324B1-171B-43A7-919C-D2C9B408F1C9}.Release|Any CPU.ActiveCfg = Release|Any CPU
		{119324B1-171B-43A7-919C-D2C9B408F1C9}.Release|Any CPU.Build.0 = Release|Any CPU
	EndGlobalSection
EndGlobal
